github.com/jtracks/go-arciv v0.0.1 h1:2o30NWS9QSdp6TEXVGtXsz6UzoLgML4fT5+5p8Ek9Jo=
github.com/jtracks/go-arciv v0.0.1/go.mod h1:Xtymqhomonjt2djLpCGlkRJIhEZh2hcJMSzUGVuHSl4=
github.com/line/line-bot-sdk-go/v7 v7.19.0 h1:WEbuBBSq65RMMqTn3vIl+Eb4wv2CjhZz7kiw8XTk2Wg=
github.com/line/line-bot-sdk-go/v7 v7.19.0/go.mod h1:idpoxOZgtSd8JyhctMMpwg5LNgRAIL/QIxa5S0DXcMg=
github.com/sashabaranov/go-openai v1.5.0 h1:4Gr/7g/KtVzW0ddn7TC2aUlyzvhZBIM+qRZ6Ae2kMa0=
github.com/sashabaranov/go-openai v1.5.0/go.mod h1:lj5b/K+zjTSFxVLijLSTDZuP7adOgerWeFyZLUhAKRg=
